
Microsoft Visual Studio Solution File, Format Version 12.00
# Visual Studio 15
VisualStudioVersion = 15.0.28307.1022
MinimumVisualStudioVersion = 10.0.40219.1
Project("{8BC9CEB8-8B4A-11D0-8D11-00A0C91BC942}") = "DoubleLinkedList", "DoubleLinkedList\DoubleLinkedList.vcxproj", "{CA43EECB-7500-49E8-AD48-4E4ACE86FDCD}"
EndProject
Global
	GlobalSection(SolutionConfigurationPlatforms) = preSolution
		Debug|x64 = Debug|x64
		Debug|x86 = Debug|x86
		Release|x64 = Release|x64
		Release|x86 = Release|x86
	EndGlobalSection
	GlobalSection(ProjectConfigurationPlatforms) = postSolution
		{CA43EECB-7500-49E8-AD48-4E4ACE86FDCD}.Debug|x64.ActiveCfg = Debug|x64
		{CA43EECB-7500-49E8-AD48-4E4ACE86FDCD}.Debug|x64.Build.0 = Debug|x64
		{CA43EECB-7500-49E8-AD48-4E4ACE86FDCD}.Debug|x86.ActiveCfg = Debug|Win32
		{CA43EECB-7500-49E8-AD48-4E4ACE86FDCD}.Debug|x86.Build.0 = Debug|Win32
		{CA43EECB-7500-49E8-AD48-4E4ACE86FDCD}.Release|x64.ActiveCfg = Release|x64
		{CA43EECB-7500-49E8-AD48-4E4ACE86FDCD}.Release|x64.Build.0 = Release|x64
		{CA43EECB-7500-49E8-AD48-4E4ACE86FDCD}.Release|x86.ActiveCfg = Release|Win32
		{CA43EECB-7500-49E8-AD48-4E4ACE86FDCD}.Release|x86.Build.0 = Release|Win32
	EndGlobalSection
	GlobalSection(SolutionProperties) = preSolution
		HideSolutionNode = FALSE
	EndGlobalSection
	GlobalSection(ExtensibilityGlobals) = postSolution
		SolutionGuid = {B4CD4A28-03F8-4B38-B217-3C9D8A38E7C1}
	EndGlobalSection
EndGlobal
