
Microsoft Visual Studio Solution File, Format Version 12.00
# Visual Studio 15
VisualStudioVersion = 15.0.28307.1022
MinimumVisualStudioVersion = 10.0.40219.1
Project("{8BC9CEB8-8B4A-11D0-8D11-00A0C91BC942}") = "ConstructBinaryTree", "ConstructBinaryTree\ConstructBinaryTree.vcxproj", "{A869CDC2-6486-4093-8C73-4E6AA1D13F03}"
EndProject
Global
	GlobalSection(SolutionConfigurationPlatforms) = preSolution
		Debug|x64 = Debug|x64
		Debug|x86 = Debug|x86
		Release|x64 = Release|x64
		Release|x86 = Release|x86
	EndGlobalSection
	GlobalSection(ProjectConfigurationPlatforms) = postSolution
		{A869CDC2-6486-4093-8C73-4E6AA1D13F03}.Debug|x64.ActiveCfg = Debug|x64
		{A869CDC2-6486-4093-8C73-4E6AA1D13F03}.Debug|x64.Build.0 = Debug|x64
		{A869CDC2-6486-4093-8C73-4E6AA1D13F03}.Debug|x86.ActiveCfg = Debug|Win32
		{A869CDC2-6486-4093-8C73-4E6AA1D13F03}.Debug|x86.Build.0 = Debug|Win32
		{A869CDC2-6486-4093-8C73-4E6AA1D13F03}.Release|x64.ActiveCfg = Release|x64
		{A869CDC2-6486-4093-8C73-4E6AA1D13F03}.Release|x64.Build.0 = Release|x64
		{A869CDC2-6486-4093-8C73-4E6AA1D13F03}.Release|x86.ActiveCfg = Release|Win32
		{A869CDC2-6486-4093-8C73-4E6AA1D13F03}.Release|x86.Build.0 = Release|Win32
	EndGlobalSection
	GlobalSection(SolutionProperties) = preSolution
		HideSolutionNode = FALSE
	EndGlobalSection
	GlobalSection(ExtensibilityGlobals) = postSolution
		SolutionGuid = {31E30D3A-488D-4C66-BB8A-B442EC496A33}
	EndGlobalSection
EndGlobal
