
Microsoft Visual Studio Solution File, Format Version 12.00
# Visual Studio 15
VisualStudioVersion = 15.0.28307.1022
MinimumVisualStudioVersion = 10.0.40219.1
Project("{8BC9CEB8-8B4A-11D0-8D11-00A0C91BC942}") = "MaxSubSequence", "MaxSubSequence\MaxSubSequence.vcxproj", "{586BD3EF-1A34-4500-AB69-C6F79A3A1D57}"
EndProject
Global
	GlobalSection(SolutionConfigurationPlatforms) = preSolution
		Debug|x64 = Debug|x64
		Debug|x86 = Debug|x86
		Release|x64 = Release|x64
		Release|x86 = Release|x86
	EndGlobalSection
	GlobalSection(ProjectConfigurationPlatforms) = postSolution
		{586BD3EF-1A34-4500-AB69-C6F79A3A1D57}.Debug|x64.ActiveCfg = Debug|x64
		{586BD3EF-1A34-4500-AB69-C6F79A3A1D57}.Debug|x64.Build.0 = Debug|x64
		{586BD3EF-1A34-4500-AB69-C6F79A3A1D57}.Debug|x86.ActiveCfg = Debug|Win32
		{586BD3EF-1A34-4500-AB69-C6F79A3A1D57}.Debug|x86.Build.0 = Debug|Win32
		{586BD3EF-1A34-4500-AB69-C6F79A3A1D57}.Release|x64.ActiveCfg = Release|x64
		{586BD3EF-1A34-4500-AB69-C6F79A3A1D57}.Release|x64.Build.0 = Release|x64
		{586BD3EF-1A34-4500-AB69-C6F79A3A1D57}.Release|x86.ActiveCfg = Release|Win32
		{586BD3EF-1A34-4500-AB69-C6F79A3A1D57}.Release|x86.Build.0 = Release|Win32
	EndGlobalSection
	GlobalSection(SolutionProperties) = preSolution
		HideSolutionNode = FALSE
	EndGlobalSection
	GlobalSection(ExtensibilityGlobals) = postSolution
		SolutionGuid = {745142B9-D2FD-4327-AC2E-7A09A98DF18B}
	EndGlobalSection
EndGlobal
