
Microsoft Visual Studio Solution File, Format Version 12.00
# Visual Studio 15
VisualStudioVersion = 15.0.28307.1022
MinimumVisualStudioVersion = 10.0.40219.1
Project("{8BC9CEB8-8B4A-11D0-8D11-00A0C91BC942}") = "Heap", "Heap\Heap.vcxproj", "{609D89E4-B55F-425E-8CFD-AE00256158A6}"
EndProject
Global
	GlobalSection(SolutionConfigurationPlatforms) = preSolution
		Debug|x64 = Debug|x64
		Debug|x86 = Debug|x86
		Release|x64 = Release|x64
		Release|x86 = Release|x86
	EndGlobalSection
	GlobalSection(ProjectConfigurationPlatforms) = postSolution
		{609D89E4-B55F-425E-8CFD-AE00256158A6}.Debug|x64.ActiveCfg = Debug|x64
		{609D89E4-B55F-425E-8CFD-AE00256158A6}.Debug|x64.Build.0 = Debug|x64
		{609D89E4-B55F-425E-8CFD-AE00256158A6}.Debug|x86.ActiveCfg = Debug|Win32
		{609D89E4-B55F-425E-8CFD-AE00256158A6}.Debug|x86.Build.0 = Debug|Win32
		{609D89E4-B55F-425E-8CFD-AE00256158A6}.Release|x64.ActiveCfg = Release|x64
		{609D89E4-B55F-425E-8CFD-AE00256158A6}.Release|x64.Build.0 = Release|x64
		{609D89E4-B55F-425E-8CFD-AE00256158A6}.Release|x86.ActiveCfg = Release|Win32
		{609D89E4-B55F-425E-8CFD-AE00256158A6}.Release|x86.Build.0 = Release|Win32
	EndGlobalSection
	GlobalSection(SolutionProperties) = preSolution
		HideSolutionNode = FALSE
	EndGlobalSection
	GlobalSection(ExtensibilityGlobals) = postSolution
		SolutionGuid = {920419DC-8EB1-4C47-B361-ADECC1B9F486}
	EndGlobalSection
EndGlobal
