
Microsoft Visual Studio Solution File, Format Version 12.00
# Visual Studio 15
VisualStudioVersion = 15.0.28307.1022
MinimumVisualStudioVersion = 10.0.40219.1
Project("{8BC9CEB8-8B4A-11D0-8D11-00A0C91BC942}") = "AbstractFactoryPattern", "AbstractFactoryPattern\AbstractFactoryPattern.vcxproj", "{A8B9B7EA-9A60-49B9-8630-3147DC1DA981}"
EndProject
Global
	GlobalSection(SolutionConfigurationPlatforms) = preSolution
		Debug|x64 = Debug|x64
		Debug|x86 = Debug|x86
		Release|x64 = Release|x64
		Release|x86 = Release|x86
	EndGlobalSection
	GlobalSection(ProjectConfigurationPlatforms) = postSolution
		{A8B9B7EA-9A60-49B9-8630-3147DC1DA981}.Debug|x64.ActiveCfg = Debug|x64
		{A8B9B7EA-9A60-49B9-8630-3147DC1DA981}.Debug|x64.Build.0 = Debug|x64
		{A8B9B7EA-9A60-49B9-8630-3147DC1DA981}.Debug|x86.ActiveCfg = Debug|Win32
		{A8B9B7EA-9A60-49B9-8630-3147DC1DA981}.Debug|x86.Build.0 = Debug|Win32
		{A8B9B7EA-9A60-49B9-8630-3147DC1DA981}.Release|x64.ActiveCfg = Release|x64
		{A8B9B7EA-9A60-49B9-8630-3147DC1DA981}.Release|x64.Build.0 = Release|x64
		{A8B9B7EA-9A60-49B9-8630-3147DC1DA981}.Release|x86.ActiveCfg = Release|Win32
		{A8B9B7EA-9A60-49B9-8630-3147DC1DA981}.Release|x86.Build.0 = Release|Win32
	EndGlobalSection
	GlobalSection(SolutionProperties) = preSolution
		HideSolutionNode = FALSE
	EndGlobalSection
	GlobalSection(ExtensibilityGlobals) = postSolution
		SolutionGuid = {F449C32A-CB1A-47FE-BD5A-4A26828F660C}
	EndGlobalSection
EndGlobal
