
Microsoft Visual Studio Solution File, Format Version 12.00
# Visual Studio 15
VisualStudioVersion = 15.0.28307.1022
MinimumVisualStudioVersion = 10.0.40219.1
Project("{8BC9CEB8-8B4A-11D0-8D11-00A0C91BC942}") = "Stack", "Stack\Stack.vcxproj", "{5FC43256-45C6-419E-9B65-4617BB19D574}"
EndProject
Global
	GlobalSection(SolutionConfigurationPlatforms) = preSolution
		Debug|x64 = Debug|x64
		Debug|x86 = Debug|x86
		Release|x64 = Release|x64
		Release|x86 = Release|x86
	EndGlobalSection
	GlobalSection(ProjectConfigurationPlatforms) = postSolution
		{5FC43256-45C6-419E-9B65-4617BB19D574}.Debug|x64.ActiveCfg = Debug|x64
		{5FC43256-45C6-419E-9B65-4617BB19D574}.Debug|x64.Build.0 = Debug|x64
		{5FC43256-45C6-419E-9B65-4617BB19D574}.Debug|x86.ActiveCfg = Debug|Win32
		{5FC43256-45C6-419E-9B65-4617BB19D574}.Debug|x86.Build.0 = Debug|Win32
		{5FC43256-45C6-419E-9B65-4617BB19D574}.Release|x64.ActiveCfg = Release|x64
		{5FC43256-45C6-419E-9B65-4617BB19D574}.Release|x64.Build.0 = Release|x64
		{5FC43256-45C6-419E-9B65-4617BB19D574}.Release|x86.ActiveCfg = Release|Win32
		{5FC43256-45C6-419E-9B65-4617BB19D574}.Release|x86.Build.0 = Release|Win32
	EndGlobalSection
	GlobalSection(SolutionProperties) = preSolution
		HideSolutionNode = FALSE
	EndGlobalSection
	GlobalSection(ExtensibilityGlobals) = postSolution
		SolutionGuid = {9E66A556-80E8-403F-8A8F-5DE96047E560}
	EndGlobalSection
EndGlobal
