
Microsoft Visual Studio Solution File, Format Version 12.00
# Visual Studio 15
VisualStudioVersion = 15.0.28307.1022
MinimumVisualStudioVersion = 10.0.40219.1
Project("{8BC9CEB8-8B4A-11D0-8D11-00A0C91BC942}") = "ShortestPathDijkstra", "ShortestPathDijkstra\ShortestPathDijkstra.vcxproj", "{B6B4C18F-CF7A-4512-B904-C66A3D4E1D62}"
EndProject
Global
	GlobalSection(SolutionConfigurationPlatforms) = preSolution
		Debug|x64 = Debug|x64
		Debug|x86 = Debug|x86
		Release|x64 = Release|x64
		Release|x86 = Release|x86
	EndGlobalSection
	GlobalSection(ProjectConfigurationPlatforms) = postSolution
		{B6B4C18F-CF7A-4512-B904-C66A3D4E1D62}.Debug|x64.ActiveCfg = Debug|x64
		{B6B4C18F-CF7A-4512-B904-C66A3D4E1D62}.Debug|x64.Build.0 = Debug|x64
		{B6B4C18F-CF7A-4512-B904-C66A3D4E1D62}.Debug|x86.ActiveCfg = Debug|Win32
		{B6B4C18F-CF7A-4512-B904-C66A3D4E1D62}.Debug|x86.Build.0 = Debug|Win32
		{B6B4C18F-CF7A-4512-B904-C66A3D4E1D62}.Release|x64.ActiveCfg = Release|x64
		{B6B4C18F-CF7A-4512-B904-C66A3D4E1D62}.Release|x64.Build.0 = Release|x64
		{B6B4C18F-CF7A-4512-B904-C66A3D4E1D62}.Release|x86.ActiveCfg = Release|Win32
		{B6B4C18F-CF7A-4512-B904-C66A3D4E1D62}.Release|x86.Build.0 = Release|Win32
	EndGlobalSection
	GlobalSection(SolutionProperties) = preSolution
		HideSolutionNode = FALSE
	EndGlobalSection
	GlobalSection(ExtensibilityGlobals) = postSolution
		SolutionGuid = {3FFE32F8-7DA4-44A0-99E4-63BAA5B80156}
	EndGlobalSection
EndGlobal
